Microsoft Visual Studio Solution File, Format Version 11.00
# Visual Studio 2008

Project("{76D55970-7B31-F732-C072-D0A363ACD38A}") = "OneGameaMonth-Feb", "Assembly-CSharp-firstpass.csproj", "{89E0C26D-FFA6-FF1C-5925-6492241CAD9A}"
EndProject
Project("{76D55970-7B31-F732-C072-D0A363ACD38A}") = "OneGameaMonth-Feb", "Assembly-CSharp.csproj", "{5A61D8CF-FBC1-D3FA-8055-7AF4111EEAA5}"
EndProject
Project("{76D55970-7B31-F732-C072-D0A363ACD38A}") = "OneGameaMonth-Feb", "Assembly-CSharp-Editor.csproj", "{42415BE0-7463-60F4-595F-5073986C9DBD}"
EndProject
Project("{76D55970-7B31-F732-C072-D0A363ACD38A}") = "OneGameaMonth-Feb", "Assembly-UnityScript.unityproj", "{78783619-8648-BC3A-30BD-EA6639641326}"
EndProject
Global
	GlobalSection(SolutionConfigurationPlatforms) = preSolution
		Debug|Any CPU = Debug|Any CPU
		Release|Any CPU = Release|Any CPU
	EndGlobalSection
	GlobalSection(ProjectConfigurationPlatforms) = postSolution
		{89E0C26D-FFA6-FF1C-5925-6492241CAD9A}.Debug|Any CPU.ActiveCfg = Debug|Any CPU
		{89E0C26D-FFA6-FF1C-5925-6492241CAD9A}.Debug|Any CPU.Build.0 = Debug|Any CPU
		{89E0C26D-FFA6-FF1C-5925-6492241CAD9A}.Release|Any CPU.ActiveCfg = Release|Any CPU
		{89E0C26D-FFA6-FF1C-5925-6492241CAD9A}.Release|Any CPU.Build.0 = Release|Any CPU
		{5A61D8CF-FBC1-D3FA-8055-7AF4111EEAA5}.Debug|Any CPU.ActiveCfg = Debug|Any CPU
		{5A61D8CF-FBC1-D3FA-8055-7AF4111EEAA5}.Debug|Any CPU.Build.0 = Debug|Any CPU
		{5A61D8CF-FBC1-D3FA-8055-7AF4111EEAA5}.Release|Any CPU.ActiveCfg = Release|Any CPU
		{5A61D8CF-FBC1-D3FA-8055-7AF4111EEAA5}.Release|Any CPU.Build.0 = Release|Any CPU
		{42415BE0-7463-60F4-595F-5073986C9DBD}.Debug|Any CPU.ActiveCfg = Debug|Any CPU
		{42415BE0-7463-60F4-595F-5073986C9DBD}.Debug|Any CPU.Build.0 = Debug|Any CPU
		{42415BE0-7463-60F4-595F-5073986C9DBD}.Release|Any CPU.ActiveCfg = Release|Any CPU
		{42415BE0-7463-60F4-595F-5073986C9DBD}.Release|Any CPU.Build.0 = Release|Any CPU
		{78783619-8648-BC3A-30BD-EA6639641326}.Debug|Any CPU.ActiveCfg = Debug|Any CPU
		{78783619-8648-BC3A-30BD-EA6639641326}.Debug|Any CPU.Build.0 = Debug|Any CPU
		{78783619-8648-BC3A-30BD-EA6639641326}.Release|Any CPU.ActiveCfg = Release|Any CPU
		{78783619-8648-BC3A-30BD-EA6639641326}.Release|Any CPU.Build.0 = Release|Any CPU
	EndGlobalSection
	GlobalSection(SolutionProperties) = preSolution
		HideSolutionNode = FALSE
	EndGlobalSection
																																																		GlobalSection(MonoDevelopProperties) = preSolution
		StartupItem = Assembly-CSharp.csproj
		Policies = $0
		$0.TextStylePolicy = $1
		$1.inheritsSet = null
		$1.scope = text/x-csharp
		$0.CSharpFormattingPolicy = $2
		$2.inheritsSet = Mono
		$2.inheritsScope = text/x-csharp
		$2.scope = text/x-csharp
		$0.TextStylePolicy = $3
		$3.FileWidth = 120
		$3.TabWidth = 4
		$3.EolMarker = Unix
		$3.inheritsSet = Mono
		$3.inheritsScope = text/plain
		$3.scope = text/plain
	EndGlobalSection

EndGlobal
